// !$*UTF8*$!
{
	archiveVersion = 1;
	classes = {
	};
	objectVersion = 46;
	objects = {

/* Begin PBXBuildFile section */
		8E0F63B21AA1836400B75A4F /* DDCollectionViewFlowLayout.podspec in Resources */ = {isa = PBXBuildFile; fileRef = 8E0F63AF1AA1836400B75A4F /* DDCollectionViewFlowLayout.podspec */; };
		8E0F63B31AA1836400B75A4F /* LICENSE in Resources */ = {isa = PBXBuildFile; fileRef = 8E0F63B01AA1836400B75A4F /* LICENSE */; };
		8E0F63B41AA1836400B75A4F /* README.md in Sources */ = {isa = PBXBuildFile; fileRef = 8E0F63B11AA1836400B75A4F /* README.md */; };
		8E6565191A8C40610028E793 /* main.m in Sources */ = {isa = PBXBuildFile; fileRef = 8E6565181A8C40610028E793 /* main.m */; };
		8E65651C1A8C40610028E793 /* AppDelegate.m in Sources */ = {isa = PBXBuildFile; fileRef = 8E65651B1A8C40610028E793 /* AppDelegate.m */; };
		8E65651F1A8C40610028E793 /* ViewController.m in Sources */ = {isa = PBXBuildFile; fileRef = 8E65651E1A8C40610028E793 /* ViewController.m */; };
		8E6565221A8C40610028E793 /* Main.storyboard in Resources */ = {isa = PBXBuildFile; fileRef = 8E6565201A8C40610028E793 /* Main.storyboard */; };
		8E6565241A8C40610028E793 /* Images.xcassets in Resources */ = {isa = PBXBuildFile; fileRef = 8E6565231A8C40610028E793 /* Images.xcassets */; };
		8E6565271A8C40610028E793 /* LaunchScreen.xib in Resources */ = {isa = PBXBuildFile; fileRef = 8E6565251A8C40610028E793 /* LaunchScreen.xib */; };
		8E6565331A8C40610028E793 /* DDCollectionViewFlowLayoutTests.m in Sources */ = {isa = PBXBuildFile; fileRef = 8E6565321A8C40610028E793 /* DDCollectionViewFlowLayoutTests.m */; };
		8E65653F1A8C41410028E793 /* DDCollectionViewFlowLayout.m in Sources */ = {isa = PBXBuildFile; fileRef = 8E65653E1A8C41410028E793 /* DDCollectionViewFlowLayout.m */; };
/* End PBXBuildFile section */

/* Begin PBXContainerItemProxy section */
		8E65652D1A8C40610028E793 /* PBXContainerItemProxy */ = {
			isa = PBXContainerItemProxy;
			containerPortal = 8E65650B1A8C40610028E793 /* Project object */;
			proxyType = 1;
			remoteGlobalIDString = 8E6565121A8C40610028E793;
			remoteInfo = DDCollectionViewFlowLayout;
		};
/* End PBXContainerItemProxy section */

/* Begin PBXFileReference section */
		8E0F63AF1AA1836400B75A4F /* DDCollectionViewFlowLayout.podspec */ = {isa = PBXFileReference; fileEncoding = 4; lastKnownFileType = text; path = DDCollectionViewFlowLayout.podspec; sourceTree = "<group>"; };
		8E0F63B01AA1836400B75A4F /* LICENSE */ = {isa = PBXFileReference; fileEncoding = 4; lastKnownFileType = text; path = LICENSE; sourceTree = "<group>"; };
		8E0F63B11AA1836400B75A4F /* README.md */ = {isa = PBXFileReference; fileEncoding = 4; lastKnownFileType = net.daringfireball.markdown; path = README.md; sourceTree = "<group>"; };
		8E6565131A8C40610028E793 /* DDCollectionViewFlowLayout.app */ = {isa = PBXFileReference; explicitFileType = wrapper.application; includeInIndex = 0; path = DDCollectionViewFlowLayout.app; sourceTree = BUILT_PRODUCTS_DIR; };
		8E6565171A8C40610028E793 /* Info.plist */ = {isa = PBXFileReference; lastKnownFileType = text.plist.xml; path = Info.plist; sourceTree = "<group>"; };
		8E6565181A8C40610028E793 /* main.m */ = {isa = PBXFileReference; lastKnownFileType = sourcecode.c.objc; path = main.m; sourceTree = "<group>"; };
		8E65651A1A8C40610028E793 /* AppDelegate.h */ = {isa = PBXFileReference; lastKnownFileType = sourcecode.c.h; path = AppDelegate.h; sourceTree = "<group>"; };
		8E65651B1A8C40610028E793 /* AppDelegate.m */ = {isa = PBXFileReference; lastKnownFileType = sourcecode.c.objc; path = AppDelegate.m; sourceTree = "<group>"; };
		8E65651D1A8C40610028E793 /* ViewController.h */ = {isa = PBXFileReference; lastKnownFileType = sourcecode.c.h; path = ViewController.h; sourceTree = "<group>"; };
		8E65651E1A8C40610028E793 /* ViewController.m */ = {isa = PBXFileReference; lastKnownFileType = sourcecode.c.objc; path = ViewController.m; sourceTree = "<group>"; };
		8E6565211A8C40610028E793 /* Base */ = {isa = PBXFileReference; lastKnownFileType = file.storyboard; name = Base; path = Base.lproj/Main.storyboard; sourceTree = "<group>"; };
		8E6565231A8C40610028E793 /* Images.xcassets */ = {isa = PBXFileReference; lastKnownFileType = folder.assetcatalog; path = Images.xcassets; sourceTree = "<group>"; };
		8E6565261A8C40610028E793 /* Base */ = {isa = PBXFileReference; lastKnownFileType = file.xib; name = Base; path = Base.lproj/LaunchScreen.xib; sourceTree = "<group>"; };
		8E65652C1A8C40610028E793 /* DDCollectionViewFlowLayoutTests.xctest */ = {isa = PBXFileReference; explicitFileType = wrapper.cfbundle; includeInIndex = 0; path = DDCollectionViewFlowLayoutTests.xctest; sourceTree = BUILT_PRODUCTS_DIR; };
		8E6565311A8C40610028E793 /* Info.plist */ = {isa = PBXFileReference; lastKnownFileType = text.plist.xml; path = Info.plist; sourceTree = "<group>"; };
		8E6565321A8C40610028E793 /* DDCollectionViewFlowLayoutTests.m */ = {isa = PBXFileReference; lastKnownFileType = sourcecode.c.objc; path = DDCollectionViewFlowLayoutTests.m; sourceTree = "<group>"; };
		8E65653D1A8C41410028E793 /* DDCollectionViewFlowLayout.h */ = {isa = PBXFileReference; fileEncoding = 4; lastKnownFileType = sourcecode.c.h; path = DDCollectionViewFlowLayout.h; sourceTree = "<group>"; };
		8E65653E1A8C41410028E793 /* DDCollectionViewFlowLayout.m */ = {isa = PBXFileReference; fileEncoding = 4; lastKnownFileType = sourcecode.c.objc; path = DDCollectionViewFlowLayout.m; sourceTree = "<group>"; };
/* End PBXFileReference section */

/* Begin PBXFrameworksBuildPhase section */
		8E6565101A8C40610028E793 /* Frameworks */ = {
			isa = PBXFrameworksBuildPhase;
			buildActionMask = 2147483647;
			files = (
			);
			runOnlyForDeploymentPostprocessing = 0;
		};
		8E6565291A8C40610028E793 /* Frameworks */ = {
			isa = PBXFrameworksBuildPhase;
			buildActionMask = 2147483647;
			files = (
			);
			runOnlyForDeploymentPostprocessing = 0;
		};
/* End PBXFrameworksBuildPhase section */

/* Begin PBXGroup section */
		8E65650A1A8C40610028E793 = {
			isa = PBXGroup;
			children = (
				8E0F63AF1AA1836400B75A4F /* DDCollectionViewFlowLayout.podspec */,
				8E0F63B01AA1836400B75A4F /* LICENSE */,
				8E0F63B11AA1836400B75A4F /* README.md */,
				8E6565151A8C40610028E793 /* DDCollectionViewFlowLayout */,
				8E65652F1A8C40610028E793 /* DDCollectionViewFlowLayoutTests */,
				8E6565141A8C40610028E793 /* Products */,
			);
			sourceTree = "<group>";
		};
		8E6565141A8C40610028E793 /* Products */ = {
			isa = PBXGroup;
			children = (
				8E6565131A8C40610028E793 /* DDCollectionViewFlowLayout.app */,
				8E65652C1A8C40610028E793 /* DDCollectionViewFlowLayoutTests.xctest */,
			);
			name = Products;
			sourceTree = "<group>";
		};
		8E6565151A8C40610028E793 /* DDCollectionViewFlowLayout */ = {
			isa = PBXGroup;
			children = (
				8E65653C1A8C41020028E793 /* Classes */,
				8E65651A1A8C40610028E793 /* AppDelegate.h */,
				8E65651B1A8C40610028E793 /* AppDelegate.m */,
				8E65651D1A8C40610028E793 /* ViewController.h */,
				8E65651E1A8C40610028E793 /* ViewController.m */,
				8E6565201A8C40610028E793 /* Main.storyboard */,
				8E6565231A8C40610028E793 /* Images.xcassets */,
				8E6565251A8C40610028E793 /* LaunchScreen.xib */,
				8E6565161A8C40610028E793 /* Supporting Files */,
			);
			path = DDCollectionViewFlowLayout;
			sourceTree = "<group>";
		};
		8E6565161A8C40610028E793 /* Supporting Files */ = {
			isa = PBXGroup;
			children = (
				8E6565171A8C40610028E793 /* Info.plist */,
				8E6565181A8C40610028E793 /* main.m */,
			);
			name = "Supporting Files";
			sourceTree = "<group>";
		};
		8E65652F1A8C40610028E793 /* DDCollectionViewFlowLayoutTests */ = {
			isa = PBXGroup;
			children = (
				8E6565321A8C40610028E793 /* DDCollectionViewFlowLayoutTests.m */,
				8E6565301A8C40610028E793 /* Supporting Files */,
			);
			path = DDCollectionViewFlowLayoutTests;
			sourceTree = "<group>";
		};
		8E6565301A8C40610028E793 /* Supporting Files */ = {
			isa = PBXGroup;
			children = (
				8E6565311A8C40610028E793 /* Info.plist */,
			);
			name = "Supporting Files";
			sourceTree = "<group>";
		};
		8E65653C1A8C41020028E793 /* Classes */ = {
			isa = PBXGroup;
			children = (
				8E65653D1A8C41410028E793 /* DDCollectionViewFlowLayout.h */,
				8E65653E1A8C41410028E793 /* DDCollectionViewFlowLayout.m */,
			);
			path = Classes;
			sourceTree = "<group>";
		};
/* End PBXGroup section */

/* Begin PBXNativeTarget section */
		8E6565121A8C40610028E793 /* DDCollectionViewFlowLayout */ = {
			isa = PBXNativeTarget;
			buildConfigurationList = 8E6565361A8C40610028E793 /* Build configuration list for PBXNativeTarget "DDCollectionViewFlowLayout" */;
			buildPhases = (
				8E65650F1A8C40610028E793 /* Sources */,
				8E6565101A8C40610028E793 /* Frameworks */,
				8E6565111A8C40610028E793 /* Resources */,
			);
			buildRules = (
			);
			dependencies = (
			);
			name = DDCollectionViewFlowLayout;
			productName = DDCollectionViewFlowLayout;
			productReference = 8E6565131A8C40610028E793 /* DDCollectionViewFlowLayout.app */;
			productType = "com.apple.product-type.application";
		};
		8E65652B1A8C40610028E793 /* DDCollectionViewFlowLayoutTests */ = {
			isa = PBXNativeTarget;
			buildConfigurationList = 8E6565391A8C40610028E793 /* Build configuration list for PBXNativeTarget "DDCollectionViewFlowLayoutTests" */;
			buildPhases = (
				8E6565281A8C40610028E793 /* Sources */,
				8E6565291A8C40610028E793 /* Frameworks */,
				8E65652A1A8C40610028E793 /* Resources */,
			);
			buildRules = (
			);
			dependencies = (
				8E65652E1A8C40610028E793 /* PBXTargetDependency */,
			);
			name = DDCollectionViewFlowLayoutTests;
			productName = DDCollectionViewFlowLayoutTests;
			productReference = 8E65652C1A8C40610028E793 /* DDCollectionViewFlowLayoutTests.xctest */;
			productType = "com.apple.product-type.bundle.unit-test";
		};
/* End PBXNativeTarget section */

/* Begin PBXProject section */
		8E65650B1A8C40610028E793 /* Project object */ = {
			isa = PBXProject;
			attributes = {
				LastUpgradeCheck = 0610;
				ORGANIZATIONNAME = DDKit;
				TargetAttributes = {
					8E6565121A8C40610028E793 = {
						CreatedOnToolsVersion = 6.1.1;
					};
					8E65652B1A8C40610028E793 = {
						CreatedOnToolsVersion = 6.1.1;
						TestTargetID = 8E6565121A8C40610028E793;
					};
				};
			};
			buildConfigurationList = 8E65650E1A8C40610028E793 /* Build configuration list for PBXProject "DDCollectionViewFlowLayout" */;
			compatibilityVersion = "Xcode 3.2";
			developmentRegion = English;
			hasScannedForEncodings = 0;
			knownRegions = (
				en,
				Base,
			);
			mainGroup = 8E65650A1A8C40610028E793;
			productRefGroup = 8E6565141A8C40610028E793 /* Products */;
			projectDirPath = "";
			projectRoot = "";
			targets = (
				8E6565121A8C40610028E793 /* DDCollectionViewFlowLayout */,
				8E65652B1A8C40610028E793 /* DDCollectionViewFlowLayoutTests */,
			);
		};
/* End PBXProject section */

/* Begin PBXResourcesBuildPhase section */
		8E6565111A8C40610028E793 /* Resources */ = {
			isa = PBXResourcesBuildPhase;
			buildActionMask = 2147483647;
			files = (
				8E6565221A8C40610028E793 /* Main.storyboard in Resources */,
				8E6565271A8C40610028E793 /* LaunchScreen.xib in Resources */,
				8E6565241A8C40610028E793 /* Images.xcassets in Resources */,
				8E0F63B21AA1836400B75A4F /* DDCollectionViewFlowLayout.podspec in Resources */,
				8E0F63B31AA1836400B75A4F /* LICENSE in Resources */,
			);
			runOnlyForDeploymentPostprocessing = 0;
		};
		8E65652A1A8C40610028E793 /* Resources */ = {
			isa = PBXResourcesBuildPhase;
			buildActionMask = 2147483647;
			files = (
			);
			runOnlyForDeploymentPostprocessing = 0;
		};
/* End PBXResourcesBuildPhase section */

/* Begin PBXSourcesBuildPhase section */
		8E65650F1A8C40610028E793 /* Sources */ = {
			isa = PBXSourcesBuildPhase;
			buildActionMask = 2147483647;
			files = (
				8E65653F1A8C41410028E793 /* DDCollectionViewFlowLayout.m in Sources */,
				8E65651F1A8C40610028E793 /* ViewController.m in Sources */,
				8E0F63B41AA1836400B75A4F /* README.md in Sources */,
				8E65651C1A8C40610028E793 /* AppDelegate.m in Sources */,
				8E6565191A8C40610028E793 /* main.m in Sources */,
			);
			runOnlyForDeploymentPostprocessing = 0;
		};
		8E6565281A8C40610028E793 /* Sources */ = {
			isa = PBXSourcesBuildPhase;
			buildActionMask = 2147483647;
			files = (
				8E6565331A8C40610028E793 /* DDCollectionViewFlowLayoutTests.m in Sources */,
			);
			runOnlyForDeploymentPostprocessing = 0;
		};
/* End PBXSourcesBuildPhase section */

/* Begin PBXTargetDependency section */
		8E65652E1A8C40610028E793 /* PBXTargetDependency */ = {
			isa = PBXTargetDependency;
			target = 8E6565121A8C40610028E793 /* DDCollectionViewFlowLayout */;
			targetProxy = 8E65652D1A8C40610028E793 /* PBXContainerItemProxy */;
		};
/* End PBXTargetDependency section */

/* Begin PBXVariantGroup section */
		8E6565201A8C40610028E793 /* Main.storyboard */ = {
			isa = PBXVariantGroup;
			children = (
				8E6565211A8C40610028E793 /* Base */,
			);
			name = Main.storyboard;
			sourceTree = "<group>";
		};
		8E6565251A8C40610028E793 /* LaunchScreen.xib */ = {
			isa = PBXVariantGroup;
			children = (
				8E6565261A8C40610028E793 /* Base */,
			);
			name = LaunchScreen.xib;
			sourceTree = "<group>";
		};
/* End PBXVariantGroup section */

/* Begin XCBuildConfiguration section */
		8E6565341A8C40610028E793 /* Debug */ = {
			isa = XCBuildConfiguration;
			buildSettings = {
				ALWAYS_SEARCH_USER_PATHS = NO;
				CLANG_CXX_LANGUAGE_STANDARD = "gnu++0x";
				CLANG_CXX_LIBRARY = "libc++";
				CLANG_ENABLE_MODULES = YES;
				CLANG_ENABLE_OBJC_ARC = YES;
				CLANG_WARN_BOOL_CONVERSION = YES;
				CLANG_WARN_CONSTANT_CONVERSION = YES;
				CLANG_WARN_DIRECT_OBJC_ISA_USAGE = YES_ERROR;
				CLANG_WARN_EMPTY_BODY = YES;
				CLANG_WARN_ENUM_CONVERSION = YES;
				CLANG_WARN_INT_CONVERSION = YES;
				CLANG_WARN_OBJC_ROOT_CLASS = YES_ERROR;
				CLANG_WARN_UNREACHABLE_CODE = YES;
				CLANG_WARN__DUPLICATE_METHOD_MATCH = YES;
				"CODE_SIGN_IDENTITY[sdk=iphoneos*]" = "iPhone Developer";
				COPY_PHASE_STRIP = NO;
				ENABLE_STRICT_OBJC_MSGSEND = YES;
				GCC_C_LANGUAGE_STANDARD = gnu99;
				GCC_DYNAMIC_NO_PIC = NO;
				GCC_OPTIMIZATION_LEVEL = 0;
				GCC_PREPROCESSOR_DEFINITIONS = (
					"DEBUG=1",
					"$(inherited)",
				);
				GCC_SYMBOLS_PRIVATE_EXTERN = NO;
				GCC_WARN_64_TO_32_BIT_CONVERSION = YES;
				GCC_WARN_ABOUT_RETURN_TYPE = YES_ERROR;
				GCC_WARN_UNDECLARED_SELECTOR = YES;
				GCC_WARN_UNINITIALIZED_AUTOS = YES_AGGRESSIVE;
				GCC_WARN_UNUSED_FUNCTION = YES;
				GCC_WARN_UNUSED_VARIABLE = YES;
				IPHONEOS_DEPLOYMENT_TARGET = 8.1;
				MTL_ENABLE_DEBUG_INFO = YES;
				ONLY_ACTIVE_ARCH = YES;
				SDKROOT = iphoneos;
			};
			name = Debug;
		};
		8E6565351A8C40610028E793 /* Release */ = {
			isa = XCBuildConfiguration;
			buildSettings = {
				ALWAYS_SEARCH_USER_PATHS = NO;
				CLANG_CXX_LANGUAGE_STANDARD = "gnu++0x";
				CLANG_CXX_LIBRARY = "libc++";
				CLANG_ENABLE_MODULES = YES;
				CLANG_ENABLE_OBJC_ARC = YES;
				CLANG_WARN_BOOL_CONVERSION = YES;
				CLANG_WARN_CONSTANT_CONVERSION = YES;
				CLANG_WARN_DIRECT_OBJC_ISA_USAGE = YES_ERROR;
				CLANG_WARN_EMPTY_BODY = YES;
				CLANG_WARN_ENUM_CONVERSION = YES;
				CLANG_WARN_INT_CONVERSION = YES;
				CLANG_WARN_OBJC_ROOT_CLASS = YES_ERROR;
				CLANG_WARN_UNREACHABLE_CODE = YES;
				CLANG_WARN__DUPLICATE_METHOD_MATCH = YES;
				"CODE_SIGN_IDENTITY[sdk=iphoneos*]" = "iPhone Developer";
				COPY_PHASE_STRIP = YES;
				ENABLE_NS_ASSERTIONS = NO;
				ENABLE_STRICT_OBJC_MSGSEND = YES;
				GCC_C_LANGUAGE_STANDARD = gnu99;
				GCC_WARN_64_TO_32_BIT_CONVERSION = YES;
				GCC_WARN_ABOUT_RETURN_TYPE = YES_ERROR;
				GCC_WARN_UNDECLARED_SELECTOR = YES;
				GCC_WARN_UNINITIALIZED_AUTOS = YES_AGGRESSIVE;
				GCC_WARN_UNUSED_FUNCTION = YES;
				GCC_WARN_UNUSED_VARIABLE = YES;
				IPHONEOS_DEPLOYMENT_TARGET = 8.1;
				MTL_ENABLE_DEBUG_INFO = NO;
				SDKROOT = iphoneos;
				VALIDATE_PRODUCT = YES;
			};
			name = Release;
		};
		8E6565371A8C40610028E793 /* Debug */ = {
			isa = XCBuildConfiguration;
			buildSettings = {
				ASSETCATALOG_COMPILER_APPICON_NAME = AppIcon;
				INFOPLIST_FILE = DDCollectionViewFlowLayout/Info.plist;
				IPHONEOS_DEPLOYMENT_TARGET = 6.0;
				LD_RUNPATH_SEARCH_PATHS = "$(inherited) @executable_path/Frameworks";
				PRODUCT_NAME = "$(TARGET_NAME)";
			};
			name = Debug;
		};
		8E6565381A8C40610028E793 /* Release */ = {
			isa = XCBuildConfiguration;
			buildSettings = {
				ASSETCATALOG_COMPILER_APPICON_NAME = AppIcon;
				INFOPLIST_FILE = DDCollectionViewFlowLayout/Info.plist;
				IPHONEOS_DEPLOYMENT_TARGET = 6.0;
				LD_RUNPATH_SEARCH_PATHS = "$(inherited) @executable_path/Frameworks";
				PRODUCT_NAME = "$(TARGET_NAME)";
			};
			name = Release;
		};
		8E65653A1A8C40610028E793 /* Debug */ = {
			isa = XCBuildConfiguration;
			buildSettings = {
				BUNDLE_LOADER = "$(TEST_HOST)";
				FRAMEWORK_SEARCH_PATHS = (
					"$(SDKROOT)/Developer/Library/Frameworks",
					"$(inherited)",
				);
				GCC_PREPROCESSOR_DEFINITIONS = (
					"DEBUG=1",
					"$(inherited)",
				);
				INFOPLIST_FILE = DDCollectionViewFlowLayoutTests/Info.plist;
				LD_RUNPATH_SEARCH_PATHS = "$(inherited) @executable_path/Frameworks @loader_path/Frameworks";
				PRODUCT_NAME = "$(TARGET_NAME)";
				TEST_HOST = "$(BUILT_PRODUCTS_DIR)/DDCollectionViewFlowLayout.app/DDCollectionViewFlowLayout";
			};
			name = Debug;
		};
		8E65653B1A8C40610028E793 /* Release */ = {
			isa = XCBuildConfiguration;
			buildSettings = {
				BUNDLE_LOADER = "$(TEST_HOST)";
				FRAMEWORK_SEARCH_PATHS = (
					"$(SDKROOT)/Developer/Library/Frameworks",
					"$(inherited)",
				);
				INFOPLIST_FILE = DDCollectionViewFlowLayoutTests/Info.plist;
				LD_RUNPATH_SEARCH_PATHS = "$(inherited) @executable_path/Frameworks @loader_path/Frameworks";
				PRODUCT_NAME = "$(TARGET_NAME)";
				TEST_HOST = "$(BUILT_PRODUCTS_DIR)/DDCollectionViewFlowLayout.app/DDCollectionViewFlowLayout";
			};
			name = Release;
		};
/* End XCBuildConfiguration section */

/* Begin XCConfigurationList section */
		8E65650E1A8C40610028E793 /* Build configuration list for PBXProject "DDCollectionViewFlowLayout" */ = {
			isa = XCConfigurationList;
			buildConfigurations = (
				8E6565341A8C40610028E793 /* Debug */,
				8E6565351A8C40610028E793 /* Release */,
			);
			defaultConfigurationIsVisible = 0;
			defaultConfigurationName = Release;
		};
		8E6565361A8C40610028E793 /* Build configuration list for PBXNativeTarget "DDCollectionViewFlowLayout" */ = {
			isa = XCConfigurationList;
			buildConfigurations = (
				8E6565371A8C40610028E793 /* Debug */,
				8E6565381A8C40610028E793 /* Release */,
			);
			defaultConfigurationIsVisible = 0;
			defaultConfigurationName = Release;
		};
		8E6565391A8C40610028E793 /* Build configuration list for PBXNativeTarget "DDCollectionViewFlowLayoutTests" */ = {
			isa = XCConfigurationList;
			buildConfigurations = (
				8E65653A1A8C40610028E793 /* Debug */,
				8E65653B1A8C40610028E793 /* Release */,
			);
			defaultConfigurationIsVisible = 0;
			defaultConfigurationName = Release;
		};
/* End XCConfigurationList section */
	};
	rootObject = 8E65650B1A8C40610028E793 /* Project object */;
}
